// !$*UTF8*$!
{
	archiveVersion = 1;
	classes = {
	};
	objectVersion = 50;
	objects = {

/* Begin PBXBuildFile section */
		1250FFC924A6A0FE00C079EF /* CheckOutConfirmationViewController.swift in Sources */ = {isa = PBXBuildFile; fileRef = 1250FFC824A6A0FE00C079EF /* CheckOutConfirmationViewController.swift */; };
		12806BB924A1BCDB00778400 /* User+Convenience.swift in Sources */ = {isa = PBXBuildFile; fileRef = 12806BB824A1BCDB00778400 /* User+Convenience.swift */; };
		12806BE824A511D900778400 /* Cat+Annotation.swift in Sources */ = {isa = PBXBuildFile; fileRef = 12806BE724A511D900778400 /* Cat+Annotation.swift */; };
		12806BEA24A5128200778400 /* CatAnnotationDetailView.swift in Sources */ = {isa = PBXBuildFile; fileRef = 12806BE924A5128200778400 /* CatAnnotationDetailView.swift */; };
		12BE944A249B035D00AD1542 /* AppDelegate.swift in Sources */ = {isa = PBXBuildFile; fileRef = 12BE9449249B035D00AD1542 /* AppDelegate.swift */; };
		12BE944C249B035D00AD1542 /* SceneDelegate.swift in Sources */ = {isa = PBXBuildFile; fileRef = 12BE944B249B035D00AD1542 /* SceneDelegate.swift */; };
		12BE9453249B036700AD1542 /* Assets.xcassets in Resources */ = {isa = PBXBuildFile; fileRef = 12BE9452249B036700AD1542 /* Assets.xcassets */; };
		12BE9456249B036700AD1542 /* LaunchScreen.storyboard in Resources */ = {isa = PBXBuildFile; fileRef = 12BE9454249B036700AD1542 /* LaunchScreen.storyboard */; };
		12BE94B6249C2E2A00AD1542 /* UserController.swift in Sources */ = {isa = PBXBuildFile; fileRef = 12BE94B5249C2E2A00AD1542 /* UserController.swift */; };
		12BE94BB249C2E8C00AD1542 /* UserModelRepresentation.swift in Sources */ = {isa = PBXBuildFile; fileRef = 12BE94BA249C2E8C00AD1542 /* UserModelRepresentation.swift */; };
		9574A9C924A43B8900CC1012 /* ShoppingCartController.swift in Sources */ = {isa = PBXBuildFile; fileRef = 9574A9C824A43B8900CC1012 /* ShoppingCartController.swift */; };
		9574A9CB24A4464F00CC1012 /* ItemTableViewCell.swift in Sources */ = {isa = PBXBuildFile; fileRef = 9574A9CA24A4464F00CC1012 /* ItemTableViewCell.swift */; };
		9590BA06249B09CC008E7AD9 /* UserLogin.storyboard in Resources */ = {isa = PBXBuildFile; fileRef = 9590BA05249B09CC008E7AD9 /* UserLogin.storyboard */; };
		9590BA08249B0A06008E7AD9 /* ShoppingCart.storyboard in Resources */ = {isa = PBXBuildFile; fileRef = 9590BA07249B0A06008E7AD9 /* ShoppingCart.storyboard */; };
		9590BA0A249B0A63008E7AD9 /* CatsForSale.storyboard in Resources */ = {isa = PBXBuildFile; fileRef = 9590BA09249B0A63008E7AD9 /* CatsForSale.storyboard */; };
		9590BA0C249B0A72008E7AD9 /* ProductsForSale.storyboard in Resources */ = {isa = PBXBuildFile; fileRef = 9590BA0B249B0A72008E7AD9 /* ProductsForSale.storyboard */; };
		9590BA0F249B1285008E7AD9 /* UserLoginViewController.swift in Sources */ = {isa = PBXBuildFile; fileRef = 9590BA0E249B1285008E7AD9 /* UserLoginViewController.swift */; };
		9590BA11249B12E5008E7AD9 /* UserSignUpViewController.swift in Sources */ = {isa = PBXBuildFile; fileRef = 9590BA10249B12E5008E7AD9 /* UserSignUpViewController.swift */; };
		9590BA13249B130A008E7AD9 /* LandingPageViewController.swift in Sources */ = {isa = PBXBuildFile; fileRef = 9590BA12249B130A008E7AD9 /* LandingPageViewController.swift */; };
		9590BA15249B136A008E7AD9 /* LandingPageNavViewController.swift in Sources */ = {isa = PBXBuildFile; fileRef = 9590BA14249B136A008E7AD9 /* LandingPageNavViewController.swift */; };
		95A64470249C6B5700870401 /* CategoryViewController.swift in Sources */ = {isa = PBXBuildFile; fileRef = 95A6446F249C6B5700870401 /* CategoryViewController.swift */; };
		95A64472249C6B8700870401 /* CatsNearbyMapViewController.swift in Sources */ = {isa = PBXBuildFile; fileRef = 95A64471249C6B8700870401 /* CatsNearbyMapViewController.swift */; };
		95A64474249C6BCD00870401 /* AllCatsTableViewController.swift in Sources */ = {isa = PBXBuildFile; fileRef = 95A64473249C6BCD00870401 /* AllCatsTableViewController.swift */; };
		95A64476249C6BFF00870401 /* CatDetailViewController.swift in Sources */ = {isa = PBXBuildFile; fileRef = 95A64475249C6BFF00870401 /* CatDetailViewController.swift */; };
		95D956FF24A1925F00AAA206 /* LandingPage.storyboard in Resources */ = {isa = PBXBuildFile; fileRef = 95D956FE24A1925F00AAA206 /* LandingPage.storyboard */; };
		95D9570124A1932800AAA206 /* UserSignup.storyboard in Resources */ = {isa = PBXBuildFile; fileRef = 95D9570024A1932800AAA206 /* UserSignup.storyboard */; };
		95D9570524A1950400AAA206 /* CatsNearby.storyboard in Resources */ = {isa = PBXBuildFile; fileRef = 95D9570424A1950300AAA206 /* CatsNearby.storyboard */; };
		95D9570B24A195AD00AAA206 /* PaymentPage.storyboard in Resources */ = {isa = PBXBuildFile; fileRef = 95D9570A24A195AD00AAA206 /* PaymentPage.storyboard */; };
		95D9570E24A19B0900AAA206 /* ProductDetailViewController.swift in Sources */ = {isa = PBXBuildFile; fileRef = 95D9570D24A19B0900AAA206 /* ProductDetailViewController.swift */; };
		95D9571024A19B2400AAA206 /* AllProductsTableViewController.swift in Sources */ = {isa = PBXBuildFile; fileRef = 95D9570F24A19B2400AAA206 /* AllProductsTableViewController.swift */; };
		95D9571324A19B8100AAA206 /* ShoppingCartViewController.swift in Sources */ = {isa = PBXBuildFile; fileRef = 95D9571224A19B8100AAA206 /* ShoppingCartViewController.swift */; };
		95D9571524A19B9200AAA206 /* PaymentPageViewController.swift in Sources */ = {isa = PBXBuildFile; fileRef = 95D9571424A19B9200AAA206 /* PaymentPageViewController.swift */; };
		BA2F2237249C52A0005944D8 /* CatCoreData.xcdatamodeld in Sources */ = {isa = PBXBuildFile; fileRef = BA2F2235249C52A0005944D8 /* CatCoreData.xcdatamodeld */; };
		BA2F2239249C5339005944D8 /* CoreDataStack.swift in Sources */ = {isa = PBXBuildFile; fileRef = BA2F2238249C5339005944D8 /* CoreDataStack.swift */; };
		BA49E62924A18EF5009CEEF6 /* CatRepresentation.swift in Sources */ = {isa = PBXBuildFile; fileRef = BA49E62824A18EF5009CEEF6 /* CatRepresentation.swift */; };
		BA49E62B24A1923F009CEEF6 /* Cat+Convenience.swift in Sources */ = {isa = PBXBuildFile; fileRef = BA49E62A24A1923F009CEEF6 /* Cat+Convenience.swift */; };
		BA49E62D24A1AC52009CEEF6 /* ProductRepresentation.swift in Sources */ = {isa = PBXBuildFile; fileRef = BA49E62C24A1AC52009CEEF6 /* ProductRepresentation.swift */; };
		BA49E62F24A1ADBE009CEEF6 /* Product+Convenience.swift in Sources */ = {isa = PBXBuildFile; fileRef = BA49E62E24A1ADBE009CEEF6 /* Product+Convenience.swift */; };
		BA5318D424A3ACB000C0B379 /* CatTableViewCell.swift in Sources */ = {isa = PBXBuildFile; fileRef = BA5318D324A3ACB000C0B379 /* CatTableViewCell.swift */; };
		BA5318D824A44AB200C0B379 /* ProductTableViewCell.m in Sources */ = {isa = PBXBuildFile; fileRef = BA5318D724A44AB200C0B379 /* ProductTableViewCell.m */; };
/* End PBXBuildFile section */

/* Begin PBXFileReference section */
		1250FFC824A6A0FE00C079EF /* CheckOutConfirmationViewController.swift */ = {isa = PBXFileReference; lastKnownFileType = sourcecode.swift; path = CheckOutConfirmationViewController.swift; sourceTree = "<group>"; };
		12806BB824A1BCDB00778400 /* User+Convenience.swift */ = {isa = PBXFileReference; lastKnownFileType = sourcecode.swift; path = "User+Convenience.swift"; sourceTree = "<group>"; };
		12806BE724A511D900778400 /* Cat+Annotation.swift */ = {isa = PBXFileReference; lastKnownFileType = sourcecode.swift; path = "Cat+Annotation.swift"; sourceTree = "<group>"; };
		12806BE924A5128200778400 /* CatAnnotationDetailView.swift */ = {isa = PBXFileReference; lastKnownFileType = sourcecode.swift; path = CatAnnotationDetailView.swift; sourceTree = "<group>"; };
		12BE9446249B035D00AD1542 /* CatCart.app */ = {isa = PBXFileReference; explicitFileType = wrapper.application; includeInIndex = 0; path = CatCart.app; sourceTree = BUILT_PRODUCTS_DIR; };
		12BE9449249B035D00AD1542 /* AppDelegate.swift */ = {isa = PBXFileReference; lastKnownFileType = sourcecode.swift; path = AppDelegate.swift; sourceTree = "<group>"; };
		12BE944B249B035D00AD1542 /* SceneDelegate.swift */ = {isa = PBXFileReference; lastKnownFileType = sourcecode.swift; path = SceneDelegate.swift; sourceTree = "<group>"; };
		12BE9452249B036700AD1542 /* Assets.xcassets */ = {isa = PBXFileReference; lastKnownFileType = folder.assetcatalog; path = Assets.xcassets; sourceTree = "<group>"; };
		12BE9455249B036700AD1542 /* Base */ = {isa = PBXFileReference; lastKnownFileType = file.storyboard; name = Base; path = Base.lproj/LaunchScreen.storyboard; sourceTree = "<group>"; };
		12BE9457249B036700AD1542 /* Info.plist */ = {isa = PBXFileReference; lastKnownFileType = text.plist.xml; path = Info.plist; sourceTree = "<group>"; };
		12BE94B5249C2E2A00AD1542 /* UserController.swift */ = {isa = PBXFileReference; lastKnownFileType = sourcecode.swift; path = UserController.swift; sourceTree = "<group>"; };
		12BE94BA249C2E8C00AD1542 /* UserModelRepresentation.swift */ = {isa = PBXFileReference; lastKnownFileType = sourcecode.swift; path = UserModelRepresentation.swift; sourceTree = "<group>"; };
		9574A9C824A43B8900CC1012 /* ShoppingCartController.swift */ = {isa = PBXFileReference; lastKnownFileType = sourcecode.swift; path = ShoppingCartController.swift; sourceTree = "<group>"; };
		9574A9CA24A4464F00CC1012 /* ItemTableViewCell.swift */ = {isa = PBXFileReference; lastKnownFileType = sourcecode.swift; path = ItemTableViewCell.swift; sourceTree = "<group>"; };
		9590BA05249B09CC008E7AD9 /* UserLogin.storyboard */ = {isa = PBXFileReference; lastKnownFileType = file.storyboard; path = UserLogin.storyboard; sourceTree = "<group>"; };
		9590BA07249B0A06008E7AD9 /* ShoppingCart.storyboard */ = {isa = PBXFileReference; lastKnownFileType = file.storyboard; path = ShoppingCart.storyboard; sourceTree = "<group>"; };
		9590BA09249B0A63008E7AD9 /* CatsForSale.storyboard */ = {isa = PBXFileReference; lastKnownFileType = file.storyboard; path = CatsForSale.storyboard; sourceTree = "<group>"; };
		9590BA0B249B0A72008E7AD9 /* ProductsForSale.storyboard */ = {isa = PBXFileReference; lastKnownFileType = file.storyboard; path = ProductsForSale.storyboard; sourceTree = "<group>"; };
		9590BA0E249B1285008E7AD9 /* UserLoginViewController.swift */ = {isa = PBXFileReference; lastKnownFileType = sourcecode.swift; path = UserLoginViewController.swift; sourceTree = "<group>"; };
		9590BA10249B12E5008E7AD9 /* UserSignUpViewController.swift */ = {isa = PBXFileReference; lastKnownFileType = sourcecode.swift; path = UserSignUpViewController.swift; sourceTree = "<group>"; };
		9590BA12249B130A008E7AD9 /* LandingPageViewController.swift */ = {isa = PBXFileReference; lastKnownFileType = sourcecode.swift; path = LandingPageViewController.swift; sourceTree = "<group>"; };
		9590BA14249B136A008E7AD9 /* LandingPageNavViewController.swift */ = {isa = PBXFileReference; lastKnownFileType = sourcecode.swift; path = LandingPageNavViewController.swift; sourceTree = "<group>"; };
		95A6446F249C6B5700870401 /* CategoryViewController.swift */ = {isa = PBXFileReference; lastKnownFileType = sourcecode.swift; path = CategoryViewController.swift; sourceTree = "<group>"; };
		95A64471249C6B8700870401 /* CatsNearbyMapViewController.swift */ = {isa = PBXFileReference; lastKnownFileType = sourcecode.swift; path = CatsNearbyMapViewController.swift; sourceTree = "<group>"; };
		95A64473249C6BCD00870401 /* AllCatsTableViewController.swift */ = {isa = PBXFileReference; lastKnownFileType = sourcecode.swift; path = AllCatsTableViewController.swift; sourceTree = "<group>"; };
		95A64475249C6BFF00870401 /* CatDetailViewController.swift */ = {isa = PBXFileReference; lastKnownFileType = sourcecode.swift; path = CatDetailViewController.swift; sourceTree = "<group>"; };
		95D956FE24A1925F00AAA206 /* LandingPage.storyboard */ = {isa = PBXFileReference; lastKnownFileType = file.storyboard; path = LandingPage.storyboard; sourceTree = "<group>"; };
		95D9570024A1932800AAA206 /* UserSignup.storyboard */ = {isa = PBXFileReference; lastKnownFileType = file.storyboard; path = UserSignup.storyboard; sourceTree = "<group>"; };
		95D9570424A1950300AAA206 /* CatsNearby.storyboard */ = {isa = PBXFileReference; lastKnownFileType = file.storyboard; path = CatsNearby.storyboard; sourceTree = "<group>"; };
		95D9570A24A195AD00AAA206 /* PaymentPage.storyboard */ = {isa = PBXFileReference; lastKnownFileType = file.storyboard; path = PaymentPage.storyboard; sourceTree = "<group>"; };
		95D9570D24A19B0900AAA206 /* ProductDetailViewController.swift */ = {isa = PBXFileReference; lastKnownFileType = sourcecode.swift; path = ProductDetailViewController.swift; sourceTree = "<group>"; };
		95D9570F24A19B2400AAA206 /* AllProductsTableViewController.swift */ = {isa = PBXFileReference; lastKnownFileType = sourcecode.swift; path = AllProductsTableViewController.swift; sourceTree = "<group>"; };
		95D9571224A19B8100AAA206 /* ShoppingCartViewController.swift */ = {isa = PBXFileReference; lastKnownFileType = sourcecode.swift; path = ShoppingCartViewController.swift; sourceTree = "<group>"; };
		95D9571424A19B9200AAA206 /* PaymentPageViewController.swift */ = {isa = PBXFileReference; lastKnownFileType = sourcecode.swift; path = PaymentPageViewController.swift; sourceTree = "<group>"; };
		BA2F2236249C52A0005944D8 /* CatCoreData.xcdatamodel */ = {isa = PBXFileReference; lastKnownFileType = wrapper.xcdatamodel; path = CatCoreData.xcdatamodel; sourceTree = "<group>"; };
		BA2F2238249C5339005944D8 /* CoreDataStack.swift */ = {isa = PBXFileReference; lastKnownFileType = sourcecode.swift; path = CoreDataStack.swift; sourceTree = "<group>"; };
		BA49E62824A18EF5009CEEF6 /* CatRepresentation.swift */ = {isa = PBXFileReference; lastKnownFileType = sourcecode.swift; path = CatRepresentation.swift; sourceTree = "<group>"; };
		BA49E62A24A1923F009CEEF6 /* Cat+Convenience.swift */ = {isa = PBXFileReference; lastKnownFileType = sourcecode.swift; path = "Cat+Convenience.swift"; sourceTree = "<group>"; };
		BA49E62C24A1AC52009CEEF6 /* ProductRepresentation.swift */ = {isa = PBXFileReference; lastKnownFileType = sourcecode.swift; path = ProductRepresentation.swift; sourceTree = "<group>"; };
		BA49E62E24A1ADBE009CEEF6 /* Product+Convenience.swift */ = {isa = PBXFileReference; lastKnownFileType = sourcecode.swift; path = "Product+Convenience.swift"; sourceTree = "<group>"; };
		BA5318D324A3ACB000C0B379 /* CatTableViewCell.swift */ = {isa = PBXFileReference; lastKnownFileType = sourcecode.swift; path = CatTableViewCell.swift; sourceTree = "<group>"; };
		BA5318D524A44AB200C0B379 /* CatCart-Bridging-Header.h */ = {isa = PBXFileReference; lastKnownFileType = sourcecode.c.h; path = "CatCart-Bridging-Header.h"; sourceTree = "<group>"; };
		BA5318D624A44AB200C0B379 /* ProductTableViewCell.h */ = {isa = PBXFileReference; lastKnownFileType = sourcecode.c.h; path = ProductTableViewCell.h; sourceTree = "<group>"; };
		BA5318D724A44AB200C0B379 /* ProductTableViewCell.m */ = {isa = PBXFileReference; lastKnownFileType = sourcecode.c.objc; path = ProductTableViewCell.m; sourceTree = "<group>"; };
/* End PBXFileReference section */

/* Begin PBXFrameworksBuildPhase section */
		12BE9443249B035D00AD1542 /* Frameworks */ = {
			isa = PBXFrameworksBuildPhase;
			buildActionMask = 2147483647;
			files = (
			);
			runOnlyForDeploymentPostprocessing = 0;
		};
/* End PBXFrameworksBuildPhase section */

/* Begin PBXGroup section */
		12BE943D249B035C00AD1542 = {
			isa = PBXGroup;
			children = (
				12BE9448249B035D00AD1542 /* CatCart */,
				12BE9447249B035D00AD1542 /* Products */,
			);
			sourceTree = "<group>";
		};
		12BE9447249B035D00AD1542 /* Products */ = {
			isa = PBXGroup;
			children = (
				12BE9446249B035D00AD1542 /* CatCart.app */,
			);
			name = Products;
			sourceTree = "<group>";
		};
		12BE9448249B035D00AD1542 /* CatCart */ = {
			isa = PBXGroup;
			children = (
				95A6446D249C6B0600870401 /* View Controllers */,
				12BE94B7249C2E3B00AD1542 /* Model Controllers */,
				9590BA04249B0982008E7AD9 /* Storyboards */,
				12BE9449249B035D00AD1542 /* AppDelegate.swift */,
				12BE944B249B035D00AD1542 /* SceneDelegate.swift */,
				12BE9452249B036700AD1542 /* Assets.xcassets */,
				12BE9457249B036700AD1542 /* Info.plist */,
				BA2F223C249C5B07005944D8 /* Core Data */,
				BA2F223D249C5B52005944D8 /* Model Helpers */,
			);
			path = CatCart;
			sourceTree = "<group>";
		};
		12BE94B7249C2E3B00AD1542 /* Model Controllers */ = {
			isa = PBXGroup;
			children = (
				12BE94B5249C2E2A00AD1542 /* UserController.swift */,
				9574A9C824A43B8900CC1012 /* ShoppingCartController.swift */,
			);
			name = "Model Controllers";
			sourceTree = "<group>";
		};
		9590BA04249B0982008E7AD9 /* Storyboards */ = {
			isa = PBXGroup;
			children = (
				12BE9454249B036700AD1542 /* LaunchScreen.storyboard */,
				95D956FE24A1925F00AAA206 /* LandingPage.storyboard */,
				9590BA05249B09CC008E7AD9 /* UserLogin.storyboard */,
				95D9570024A1932800AAA206 /* UserSignup.storyboard */,
				9590BA09249B0A63008E7AD9 /* CatsForSale.storyboard */,
				95D9570424A1950300AAA206 /* CatsNearby.storyboard */,
				9590BA0B249B0A72008E7AD9 /* ProductsForSale.storyboard */,
				9590BA07249B0A06008E7AD9 /* ShoppingCart.storyboard */,
				95D9570A24A195AD00AAA206 /* PaymentPage.storyboard */,
			);
			name = Storyboards;
			sourceTree = "<group>";
		};
		9590BA0D249B1252008E7AD9 /* User View Controllers */ = {
			isa = PBXGroup;
			children = (
				9590BA14249B136A008E7AD9 /* LandingPageNavViewController.swift */,
				9590BA12249B130A008E7AD9 /* LandingPageViewController.swift */,
				9590BA0E249B1285008E7AD9 /* UserLoginViewController.swift */,
				9590BA10249B12E5008E7AD9 /* UserSignUpViewController.swift */,
			);
			name = "User View Controllers";
			sourceTree = "<group>";
		};
		95A6446D249C6B0600870401 /* View Controllers */ = {
			isa = PBXGroup;
			children = (
				9590BA0D249B1252008E7AD9 /* User View Controllers */,
				95A6446E249C6B1B00870401 /* Cats For Sale View Controllers */,
				95D9570C24A1970E00AAA206 /* Products For Sale View Controllers */,
				95D9571124A19B5600AAA206 /* Shopping Cart and Payment VCs */,
			);
			name = "View Controllers";
			sourceTree = "<group>";
		};
		95A6446E249C6B1B00870401 /* Cats For Sale View Controllers */ = {
			isa = PBXGroup;
			children = (
				95A6446F249C6B5700870401 /* CategoryViewController.swift */,
				95A64471249C6B8700870401 /* CatsNearbyMapViewController.swift */,
				12806BE724A511D900778400 /* Cat+Annotation.swift */,
				12806BE924A5128200778400 /* CatAnnotationDetailView.swift */,
				95A64473249C6BCD00870401 /* AllCatsTableViewController.swift */,
				95A64475249C6BFF00870401 /* CatDetailViewController.swift */,
				BA5318D324A3ACB000C0B379 /* CatTableViewCell.swift */,
			);
			name = "Cats For Sale View Controllers";
			sourceTree = "<group>";
		};
		95D9570C24A1970E00AAA206 /* Products For Sale View Controllers */ = {
			isa = PBXGroup;
			children = (
				95D9570F24A19B2400AAA206 /* AllProductsTableViewController.swift */,
				BA5318D624A44AB200C0B379 /* ProductTableViewCell.h */,
				BA5318D724A44AB200C0B379 /* ProductTableViewCell.m */,
				95D9570D24A19B0900AAA206 /* ProductDetailViewController.swift */,
				BA5318D524A44AB200C0B379 /* CatCart-Bridging-Header.h */,
			);
			name = "Products For Sale View Controllers";
			sourceTree = "<group>";
		};
		95D9571124A19B5600AAA206 /* Shopping Cart and Payment VCs */ = {
			isa = PBXGroup;
			children = (
				95D9571224A19B8100AAA206 /* ShoppingCartViewController.swift */,
				95D9571424A19B9200AAA206 /* PaymentPageViewController.swift */,
				1250FFC824A6A0FE00C079EF /* CheckOutConfirmationViewController.swift */,
				9574A9CA24A4464F00CC1012 /* ItemTableViewCell.swift */,
			);
			name = "Shopping Cart and Payment VCs";
			sourceTree = "<group>";
		};
		BA2F223C249C5B07005944D8 /* Core Data */ = {
			isa = PBXGroup;
			children = (
				BA2F2235249C52A0005944D8 /* CatCoreData.xcdatamodeld */,
				BA2F2238249C5339005944D8 /* CoreDataStack.swift */,
			);
			name = "Core Data";
			sourceTree = "<group>";
		};
		BA2F223D249C5B52005944D8 /* Model Helpers */ = {
			isa = PBXGroup;
			children = (
				12BE94BA249C2E8C00AD1542 /* UserModelRepresentation.swift */,
				12806BB824A1BCDB00778400 /* User+Convenience.swift */,
				BA49E62824A18EF5009CEEF6 /* CatRepresentation.swift */,
				BA49E62A24A1923F009CEEF6 /* Cat+Convenience.swift */,
				BA49E62C24A1AC52009CEEF6 /* ProductRepresentation.swift */,
				BA49E62E24A1ADBE009CEEF6 /* Product+Convenience.swift */,
			);
			name = "Model Helpers";
			sourceTree = "<group>";
		};
/* End PBXGroup section */

/* Begin PBXNativeTarget section */
		12BE9445249B035D00AD1542 /* CatCart */ = {
			isa = PBXNativeTarget;
			buildConfigurationList = 12BE945A249B036700AD1542 /* Build configuration list for PBXNativeTarget "CatCart" */;
			buildPhases = (
				12BE9442249B035D00AD1542 /* Sources */,
				12BE9443249B035D00AD1542 /* Frameworks */,
				12BE9444249B035D00AD1542 /* Resources */,
			);
			buildRules = (
			);
			dependencies = (
			);
			name = CatCart;
			productName = CatCart;
			productReference = 12BE9446249B035D00AD1542 /* CatCart.app */;
			productType = "com.apple.product-type.application";
		};
/* End PBXNativeTarget section */

/* Begin PBXProject section */
		12BE943E249B035C00AD1542 /* Project object */ = {
			isa = PBXProject;
			attributes = {
				LastSwiftUpdateCheck = 1140;
				LastUpgradeCheck = 1140;
				ORGANIZATIONNAME = CatCartCo;
				TargetAttributes = {
					12BE9445249B035D00AD1542 = {
						CreatedOnToolsVersion = 11.4.1;
						LastSwiftMigration = 1150;
					};
				};
			};
			buildConfigurationList = 12BE9441249B035C00AD1542 /* Build configuration list for PBXProject "CatCart" */;
			compatibilityVersion = "Xcode 9.3";
			developmentRegion = en;
			hasScannedForEncodings = 0;
			knownRegions = (
				en,
				Base,
			);
			mainGroup = 12BE943D249B035C00AD1542;
			productRefGroup = 12BE9447249B035D00AD1542 /* Products */;
			projectDirPath = "";
			projectRoot = "";
			targets = (
				12BE9445249B035D00AD1542 /* CatCart */,
			);
		};
/* End PBXProject section */

/* Begin PBXResourcesBuildPhase section */
		12BE9444249B035D00AD1542 /* Resources */ = {
			isa = PBXResourcesBuildPhase;
			buildActionMask = 2147483647;
			files = (
				9590BA0C249B0A72008E7AD9 /* ProductsForSale.storyboard in Resources */,
				95D9570B24A195AD00AAA206 /* PaymentPage.storyboard in Resources */,
				95D9570124A1932800AAA206 /* UserSignup.storyboard in Resources */,
				95D9570524A1950400AAA206 /* CatsNearby.storyboard in Resources */,
				9590BA08249B0A06008E7AD9 /* ShoppingCart.storyboard in Resources */,
				12BE9456249B036700AD1542 /* LaunchScreen.storyboard in Resources */,
				12BE9453249B036700AD1542 /* Assets.xcassets in Resources */,
				95D956FF24A1925F00AAA206 /* LandingPage.storyboard in Resources */,
				9590BA0A249B0A63008E7AD9 /* CatsForSale.storyboard in Resources */,
				9590BA06249B09CC008E7AD9 /* UserLogin.storyboard in Resources */,
			);
			runOnlyForDeploymentPostprocessing = 0;
		};
/* End PBXResourcesBuildPhase section */

/* Begin PBXSourcesBuildPhase section */
		12BE9442249B035D00AD1542 /* Sources */ = {
			isa = PBXSourcesBuildPhase;
			buildActionMask = 2147483647;
			files = (
				BA49E62B24A1923F009CEEF6 /* Cat+Convenience.swift in Sources */,
				9590BA15249B136A008E7AD9 /* LandingPageNavViewController.swift in Sources */,
				95D9571324A19B8100AAA206 /* ShoppingCartViewController.swift in Sources */,
				12806BEA24A5128200778400 /* CatAnnotationDetailView.swift in Sources */,
				12BE94B6249C2E2A00AD1542 /* UserController.swift in Sources */,
				12806BB924A1BCDB00778400 /* User+Convenience.swift in Sources */,
				9574A9C924A43B8900CC1012 /* ShoppingCartController.swift in Sources */,
				9574A9CB24A4464F00CC1012 /* ItemTableViewCell.swift in Sources */,
				95D9570E24A19B0900AAA206 /* ProductDetailViewController.swift in Sources */,
				95D9571024A19B2400AAA206 /* AllProductsTableViewController.swift in Sources */,
				9590BA13249B130A008E7AD9 /* LandingPageViewController.swift in Sources */,
				BA2F2239249C5339005944D8 /* CoreDataStack.swift in Sources */,
				BA49E62F24A1ADBE009CEEF6 /* Product+Convenience.swift in Sources */,
				1250FFC924A6A0FE00C079EF /* CheckOutConfirmationViewController.swift in Sources */,
				BA2F2237249C52A0005944D8 /* CatCoreData.xcdatamodeld in Sources */,
				95D9571524A19B9200AAA206 /* PaymentPageViewController.swift in Sources */,
				12BE944A249B035D00AD1542 /* AppDelegate.swift in Sources */,
				9590BA11249B12E5008E7AD9 /* UserSignUpViewController.swift in Sources */,
				95A64474249C6BCD00870401 /* AllCatsTableViewController.swift in Sources */,
				95A64472249C6B8700870401 /* CatsNearbyMapViewController.swift in Sources */,
				12BE944C249B035D00AD1542 /* SceneDelegate.swift in Sources */,
				12806BE824A511D900778400 /* Cat+Annotation.swift in Sources */,
				BA49E62924A18EF5009CEEF6 /* CatRepresentation.swift in Sources */,
				9590BA0F249B1285008E7AD9 /* UserLoginViewController.swift in Sources */,
				BA5318D824A44AB200C0B379 /* ProductTableViewCell.m in Sources */,
				95A64470249C6B5700870401 /* CategoryViewController.swift in Sources */,
				BA5318D424A3ACB000C0B379 /* CatTableViewCell.swift in Sources */,
				95A64476249C6BFF00870401 /* CatDetailViewController.swift in Sources */,
				12BE94BB249C2E8C00AD1542 /* UserModelRepresentation.swift in Sources */,
				BA49E62D24A1AC52009CEEF6 /* ProductRepresentation.swift in Sources */,
			);
			runOnlyForDeploymentPostprocessing = 0;
		};
/* End PBXSourcesBuildPhase section */

/* Begin PBXVariantGroup section */
		12BE9454249B036700AD1542 /* LaunchScreen.storyboard */ = {
			isa = PBXVariantGroup;
			children = (
				12BE9455249B036700AD1542 /* Base */,
			);
			name = LaunchScreen.storyboard;
			sourceTree = "<group>";
		};
/* End PBXVariantGroup section */

/* Begin XCBuildConfiguration section */
		12BE9458249B036700AD1542 /* Debug */ = {
			isa = XCBuildConfiguration;
			buildSettings = {
				ALWAYS_SEARCH_USER_PATHS = NO;
				CLANG_ANALYZER_NONNULL = YES;
				CLANG_ANALYZER_NUMBER_OBJECT_CONVERSION = YES_AGGRESSIVE;
				CLANG_CXX_LANGUAGE_STANDARD = "gnu++14";
				CLANG_CXX_LIBRARY = "libc++";
				CLANG_ENABLE_MODULES = YES;
				CLANG_ENABLE_OBJC_ARC = YES;
				CLANG_ENABLE_OBJC_WEAK = YES;
				CLANG_WARN_BLOCK_CAPTURE_AUTORELEASING = YES;
				CLANG_WARN_BOOL_CONVERSION = YES;
				CLANG_WARN_COMMA = YES;
				CLANG_WARN_CONSTANT_CONVERSION = YES;
				CLANG_WARN_DEPRECATED_OBJC_IMPLEMENTATIONS = YES;
				CLANG_WARN_DIRECT_OBJC_ISA_USAGE = YES_ERROR;
				CLANG_WARN_DOCUMENTATION_COMMENTS = YES;
				CLANG_WARN_EMPTY_BODY = YES;
				CLANG_WARN_ENUM_CONVERSION = YES;
				CLANG_WARN_INFINITE_RECURSION = YES;
				CLANG_WARN_INT_CONVERSION = YES;
				CLANG_WARN_NON_LITERAL_NULL_CONVERSION = YES;
				CLANG_WARN_OBJC_IMPLICIT_RETAIN_SELF = YES;
				CLANG_WARN_OBJC_LITERAL_CONVERSION = YES;
				CLANG_WARN_OBJC_ROOT_CLASS = YES_ERROR;
				CLANG_WARN_RANGE_LOOP_ANALYSIS = YES;
				CLANG_WARN_STRICT_PROTOTYPES = YES;
				CLANG_WARN_SUSPICIOUS_MOVE = YES;
				CLANG_WARN_UNGUARDED_AVAILABILITY = YES_AGGRESSIVE;
				CLANG_WARN_UNREACHABLE_CODE = YES;
				CLANG_WARN__DUPLICATE_METHOD_MATCH = YES;
				COPY_PHASE_STRIP = NO;
				DEBUG_INFORMATION_FORMAT = dwarf;
				ENABLE_STRICT_OBJC_MSGSEND = YES;
				ENABLE_TESTABILITY = YES;
				GCC_C_LANGUAGE_STANDARD = gnu11;
				GCC_DYNAMIC_NO_PIC = NO;
				GCC_NO_COMMON_BLOCKS = YES;
				GCC_OPTIMIZATION_LEVEL = 0;
				GCC_PREPROCESSOR_DEFINITIONS = (
					"DEBUG=1",
					"$(inherited)",
				);
				GCC_WARN_64_TO_32_BIT_CONVERSION = YES;
				GCC_WARN_ABOUT_RETURN_TYPE = YES_ERROR;
				GCC_WARN_UNDECLARED_SELECTOR = YES;
				GCC_WARN_UNINITIALIZED_AUTOS = YES_AGGRESSIVE;
				GCC_WARN_UNUSED_FUNCTION = YES;
				GCC_WARN_UNUSED_VARIABLE = YES;
				IPHONEOS_DEPLOYMENT_TARGET = 13.4;
				MTL_ENABLE_DEBUG_INFO = INCLUDE_SOURCE;
				MTL_FAST_MATH = YES;
				ONLY_ACTIVE_ARCH = YES;
				SDKROOT = iphoneos;
				SWIFT_ACTIVE_COMPILATION_CONDITIONS = DEBUG;
				SWIFT_OPTIMIZATION_LEVEL = "-Onone";
			};
			name = Debug;
		};
		12BE9459249B036700AD1542 /* Release */ = {
			isa = XCBuildConfiguration;
			buildSettings = {
				ALWAYS_SEARCH_USER_PATHS = NO;
				CLANG_ANALYZER_NONNULL = YES;
				CLANG_ANALYZER_NUMBER_OBJECT_CONVERSION = YES_AGGRESSIVE;
				CLANG_CXX_LANGUAGE_STANDARD = "gnu++14";
				CLANG_CXX_LIBRARY = "libc++";
				CLANG_ENABLE_MODULES = YES;
				CLANG_ENABLE_OBJC_ARC = YES;
				CLANG_ENABLE_OBJC_WEAK = YES;
				CLANG_WARN_BLOCK_CAPTURE_AUTORELEASING = YES;
				CLANG_WARN_BOOL_CONVERSION = YES;
				CLANG_WARN_COMMA = YES;
				CLANG_WARN_CONSTANT_CONVERSION = YES;
				CLANG_WARN_DEPRECATED_OBJC_IMPLEMENTATIONS = YES;
				CLANG_WARN_DIRECT_OBJC_ISA_USAGE = YES_ERROR;
				CLANG_WARN_DOCUMENTATION_COMMENTS = YES;
				CLANG_WARN_EMPTY_BODY = YES;
				CLANG_WARN_ENUM_CONVERSION = YES;
				CLANG_WARN_INFINITE_RECURSION = YES;
				CLANG_WARN_INT_CONVERSION = YES;
				CLANG_WARN_NON_LITERAL_NULL_CONVERSION = YES;
				CLANG_WARN_OBJC_IMPLICIT_RETAIN_SELF = YES;
				CLANG_WARN_OBJC_LITERAL_CONVERSION = YES;
				CLANG_WARN_OBJC_ROOT_CLASS = YES_ERROR;
				CLANG_WARN_RANGE_LOOP_ANALYSIS = YES;
				CLANG_WARN_STRICT_PROTOTYPES = YES;
				CLANG_WARN_SUSPICIOUS_MOVE = YES;
				CLANG_WARN_UNGUARDED_AVAILABILITY = YES_AGGRESSIVE;
				CLANG_WARN_UNREACHABLE_CODE = YES;
				CLANG_WARN__DUPLICATE_METHOD_MATCH = YES;
				COPY_PHASE_STRIP = NO;
				DEBUG_INFORMATION_FORMAT = "dwarf-with-dsym";
				ENABLE_NS_ASSERTIONS = NO;
				ENABLE_STRICT_OBJC_MSGSEND = YES;
				GCC_C_LANGUAGE_STANDARD = gnu11;
				GCC_NO_COMMON_BLOCKS = YES;
				GCC_WARN_64_TO_32_BIT_CONVERSION = YES;
				GCC_WARN_ABOUT_RETURN_TYPE = YES_ERROR;
				GCC_WARN_UNDECLARED_SELECTOR = YES;
				GCC_WARN_UNINITIALIZED_AUTOS = YES_AGGRESSIVE;
				GCC_WARN_UNUSED_FUNCTION = YES;
				GCC_WARN_UNUSED_VARIABLE = YES;
				IPHONEOS_DEPLOYMENT_TARGET = 13.4;
				MTL_ENABLE_DEBUG_INFO = NO;
				MTL_FAST_MATH = YES;
				SDKROOT = iphoneos;
				SWIFT_COMPILATION_MODE = wholemodule;
				SWIFT_OPTIMIZATION_LEVEL = "-O";
				VALIDATE_PRODUCT = YES;
			};
			name = Release;
		};
		12BE945B249B036700AD1542 /* Debug */ = {
			isa = XCBuildConfiguration;
			buildSettings = {
				ASSETCATALOG_COMPILER_APPICON_NAME = AppIcon;
				CLANG_ENABLE_MODULES = YES;
				CODE_SIGN_STYLE = Automatic;
				DEVELOPMENT_TEAM = WDB2NWAVF2;
				INFOPLIST_FILE = CatCart/Info.plist;
				LD_RUNPATH_SEARCH_PATHS = (
					"$(inherited)",
					"@executable_path/Frameworks",
				);
				PRODUCT_BUNDLE_IDENTIFIER = com.CatCartCo.CatCart;
				PRODUCT_NAME = "$(TARGET_NAME)";
				SWIFT_OBJC_BRIDGING_HEADER = "CatCart/CatCart-Bridging-Header.h";
				SWIFT_OPTIMIZATION_LEVEL = "-Onone";
				SWIFT_VERSION = 5.0;
				TARGETED_DEVICE_FAMILY = "1,2";
			};
			name = Debug;
		};
		12BE945C249B036700AD1542 /* Release */ = {
			isa = XCBuildConfiguration;
			buildSettings = {
				ASSETCATALOG_COMPILER_APPICON_NAME = AppIcon;
				CLANG_ENABLE_MODULES = YES;
				CODE_SIGN_STYLE = Automatic;
				DEVELOPMENT_TEAM = WDB2NWAVF2;
				INFOPLIST_FILE = CatCart/Info.plist;
				LD_RUNPATH_SEARCH_PATHS = (
					"$(inherited)",
					"@executable_path/Frameworks",
				);
				PRODUCT_BUNDLE_IDENTIFIER = com.CatCartCo.CatCart;
				PRODUCT_NAME = "$(TARGET_NAME)";
				SWIFT_OBJC_BRIDGING_HEADER = "CatCart/CatCart-Bridging-Header.h";
				SWIFT_VERSION = 5.0;
				TARGETED_DEVICE_FAMILY = "1,2";
			};
			name = Release;
		};
/* End XCBuildConfiguration section */

/* Begin XCConfigurationList section */
		12BE9441249B035C00AD1542 /* Build configuration list for PBXProject "CatCart" */ = {
			isa = XCConfigurationList;
			buildConfigurations = (
				12BE9458249B036700AD1542 /* Debug */,
				12BE9459249B036700AD1542 /* Release */,
			);
			defaultConfigurationIsVisible = 0;
			defaultConfigurationName = Release;
		};
		12BE945A249B036700AD1542 /* Build configuration list for PBXNativeTarget "CatCart" */ = {
			isa = XCConfigurationList;
			buildConfigurations = (
				12BE945B249B036700AD1542 /* Debug */,
				12BE945C249B036700AD1542 /* Release */,
			);
			defaultConfigurationIsVisible = 0;
			defaultConfigurationName = Release;
		};
/* End XCConfigurationList section */

/* Begin XCVersionGroup section */
		BA2F2235249C52A0005944D8 /* CatCoreData.xcdatamodeld */ = {
			isa = XCVersionGroup;
			children = (
				BA2F2236249C52A0005944D8 /* CatCoreData.xcdatamodel */,
			);
			currentVersion = BA2F2236249C52A0005944D8 /* CatCoreData.xcdatamodel */;
			path = CatCoreData.xcdatamodeld;
			sourceTree = "<group>";
			versionGroupType = wrapper.xcdatamodel;
		};
/* End XCVersionGroup section */
	};
	rootObject = 12BE943E249B035C00AD1542 /* Project object */;
}
