// !$*UTF8*$!
{
	archiveVersion = 1;
	classes = {
	};
	objectVersion = 50;
	objects = {

/* Begin PBXBuildFile section */
		12BE944A249B035D00AD1542 /* AppDelegate.swift in Sources */ = {isa = PBXBuildFile; fileRef = 12BE9449249B035D00AD1542 /* AppDelegate.swift */; };
		12BE944C249B035D00AD1542 /* SceneDelegate.swift in Sources */ = {isa = PBXBuildFile; fileRef = 12BE944B249B035D00AD1542 /* SceneDelegate.swift */; };
		12BE944E249B035D00AD1542 /* ViewController.swift in Sources */ = {isa = PBXBuildFile; fileRef = 12BE944D249B035D00AD1542 /* ViewController.swift */; };
		12BE9451249B035D00AD1542 /* Main.storyboard in Resources */ = {isa = PBXBuildFile; fileRef = 12BE944F249B035D00AD1542 /* Main.storyboard */; };
		12BE9453249B036700AD1542 /* Assets.xcassets in Resources */ = {isa = PBXBuildFile; fileRef = 12BE9452249B036700AD1542 /* Assets.xcassets */; };
		12BE9456249B036700AD1542 /* LaunchScreen.storyboard in Resources */ = {isa = PBXBuildFile; fileRef = 12BE9454249B036700AD1542 /* LaunchScreen.storyboard */; };
		9590BA06249B09CC008E7AD9 /* UserLogin.storyboard in Resources */ = {isa = PBXBuildFile; fileRef = 9590BA05249B09CC008E7AD9 /* UserLogin.storyboard */; };
		9590BA08249B0A06008E7AD9 /* ShoppingCart.storyboard in Resources */ = {isa = PBXBuildFile; fileRef = 9590BA07249B0A06008E7AD9 /* ShoppingCart.storyboard */; };
		9590BA0A249B0A63008E7AD9 /* CatsForSale.storyboard in Resources */ = {isa = PBXBuildFile; fileRef = 9590BA09249B0A63008E7AD9 /* CatsForSale.storyboard */; };
		9590BA0C249B0A72008E7AD9 /* ProductsForSale.storyboard in Resources */ = {isa = PBXBuildFile; fileRef = 9590BA0B249B0A72008E7AD9 /* ProductsForSale.storyboard */; };
		9590BA0F249B1285008E7AD9 /* UserLoginViewController.swift in Sources */ = {isa = PBXBuildFile; fileRef = 9590BA0E249B1285008E7AD9 /* UserLoginViewController.swift */; };
		9590BA11249B12E5008E7AD9 /* CreateUserAccountViewController.swift in Sources */ = {isa = PBXBuildFile; fileRef = 9590BA10249B12E5008E7AD9 /* CreateUserAccountViewController.swift */; };
		9590BA13249B130A008E7AD9 /* LandingPageViewController.swift in Sources */ = {isa = PBXBuildFile; fileRef = 9590BA12249B130A008E7AD9 /* LandingPageViewController.swift */; };
		9590BA15249B136A008E7AD9 /* LandingPageNavViewController.swift in Sources */ = {isa = PBXBuildFile; fileRef = 9590BA14249B136A008E7AD9 /* LandingPageNavViewController.swift */; };
/* End PBXBuildFile section */

/* Begin PBXFileReference section */
		12BE9446249B035D00AD1542 /* CatCart.app */ = {isa = PBXFileReference; explicitFileType = wrapper.application; includeInIndex = 0; path = CatCart.app; sourceTree = BUILT_PRODUCTS_DIR; };
		12BE9449249B035D00AD1542 /* AppDelegate.swift */ = {isa = PBXFileReference; lastKnownFileType = sourcecode.swift; path = AppDelegate.swift; sourceTree = "<group>"; };
		12BE944B249B035D00AD1542 /* SceneDelegate.swift */ = {isa = PBXFileReference; lastKnownFileType = sourcecode.swift; path = SceneDelegate.swift; sourceTree = "<group>"; };
		12BE944D249B035D00AD1542 /* ViewController.swift */ = {isa = PBXFileReference; lastKnownFileType = sourcecode.swift; path = ViewController.swift; sourceTree = "<group>"; };
		12BE9450249B035D00AD1542 /* Base */ = {isa = PBXFileReference; lastKnownFileType = file.storyboard; name = Base; path = Base.lproj/Main.storyboard; sourceTree = "<group>"; };
		12BE9452249B036700AD1542 /* Assets.xcassets */ = {isa = PBXFileReference; lastKnownFileType = folder.assetcatalog; path = Assets.xcassets; sourceTree = "<group>"; };
		12BE9455249B036700AD1542 /* Base */ = {isa = PBXFileReference; lastKnownFileType = file.storyboard; name = Base; path = Base.lproj/LaunchScreen.storyboard; sourceTree = "<group>"; };
		12BE9457249B036700AD1542 /* Info.plist */ = {isa = PBXFileReference; lastKnownFileType = text.plist.xml; path = Info.plist; sourceTree = "<group>"; };
		9590BA05249B09CC008E7AD9 /* UserLogin.storyboard */ = {isa = PBXFileReference; lastKnownFileType = file.storyboard; path = UserLogin.storyboard; sourceTree = "<group>"; };
		9590BA07249B0A06008E7AD9 /* ShoppingCart.storyboard */ = {isa = PBXFileReference; lastKnownFileType = file.storyboard; path = ShoppingCart.storyboard; sourceTree = "<group>"; };
		9590BA09249B0A63008E7AD9 /* CatsForSale.storyboard */ = {isa = PBXFileReference; lastKnownFileType = file.storyboard; path = CatsForSale.storyboard; sourceTree = "<group>"; };
		9590BA0B249B0A72008E7AD9 /* ProductsForSale.storyboard */ = {isa = PBXFileReference; lastKnownFileType = file.storyboard; path = ProductsForSale.storyboard; sourceTree = "<group>"; };
		9590BA0E249B1285008E7AD9 /* UserLoginViewController.swift */ = {isa = PBXFileReference; lastKnownFileType = sourcecode.swift; path = UserLoginViewController.swift; sourceTree = "<group>"; };
		9590BA10249B12E5008E7AD9 /* CreateUserAccountViewController.swift */ = {isa = PBXFileReference; lastKnownFileType = sourcecode.swift; path = CreateUserAccountViewController.swift; sourceTree = "<group>"; };
		9590BA12249B130A008E7AD9 /* LandingPageViewController.swift */ = {isa = PBXFileReference; lastKnownFileType = sourcecode.swift; path = LandingPageViewController.swift; sourceTree = "<group>"; };
		9590BA14249B136A008E7AD9 /* LandingPageNavViewController.swift */ = {isa = PBXFileReference; lastKnownFileType = sourcecode.swift; path = LandingPageNavViewController.swift; sourceTree = "<group>"; };
/* End PBXFileReference section */

/* Begin PBXFrameworksBuildPhase section */
		12BE9443249B035D00AD1542 /* Frameworks */ = {
			isa = PBXFrameworksBuildPhase;
			buildActionMask = 2147483647;
			files = (
			);
			runOnlyForDeploymentPostprocessing = 0;
		};
/* End PBXFrameworksBuildPhase section */

/* Begin PBXGroup section */
		12BE943D249B035C00AD1542 = {
			isa = PBXGroup;
			children = (
				12BE9448249B035D00AD1542 /* CatCart */,
				12BE9447249B035D00AD1542 /* Products */,
			);
			sourceTree = "<group>";
		};
		12BE9447249B035D00AD1542 /* Products */ = {
			isa = PBXGroup;
			children = (
				12BE9446249B035D00AD1542 /* CatCart.app */,
			);
			name = Products;
			sourceTree = "<group>";
		};
		12BE9448249B035D00AD1542 /* CatCart */ = {
			isa = PBXGroup;
			children = (
				9590BA0D249B1252008E7AD9 /* User View Controllers */,
				9590BA04249B0982008E7AD9 /* Storyboards */,
				12BE9449249B035D00AD1542 /* AppDelegate.swift */,
				12BE944B249B035D00AD1542 /* SceneDelegate.swift */,
				12BE944D249B035D00AD1542 /* ViewController.swift */,
				12BE9452249B036700AD1542 /* Assets.xcassets */,
				12BE9457249B036700AD1542 /* Info.plist */,
			);
			path = CatCart;
			sourceTree = "<group>";
		};
		9590BA04249B0982008E7AD9 /* Storyboards */ = {
			isa = PBXGroup;
			children = (
				12BE9454249B036700AD1542 /* LaunchScreen.storyboard */,
				12BE944F249B035D00AD1542 /* Main.storyboard */,
				9590BA05249B09CC008E7AD9 /* UserLogin.storyboard */,
				9590BA07249B0A06008E7AD9 /* ShoppingCart.storyboard */,
				9590BA09249B0A63008E7AD9 /* CatsForSale.storyboard */,
				9590BA0B249B0A72008E7AD9 /* ProductsForSale.storyboard */,
			);
			name = Storyboards;
			sourceTree = "<group>";
		};
		9590BA0D249B1252008E7AD9 /* User View Controllers */ = {
			isa = PBXGroup;
			children = (
				9590BA14249B136A008E7AD9 /* LandingPageNavViewController.swift */,
				9590BA12249B130A008E7AD9 /* LandingPageViewController.swift */,
				9590BA0E249B1285008E7AD9 /* UserLoginViewController.swift */,
				9590BA10249B12E5008E7AD9 /* CreateUserAccountViewController.swift */,
			);
			name = "User View Controllers";
			sourceTree = "<group>";
		};
/* End PBXGroup section */

/* Begin PBXNativeTarget section */
		12BE9445249B035D00AD1542 /* CatCart */ = {
			isa = PBXNativeTarget;
			buildConfigurationList = 12BE945A249B036700AD1542 /* Build configuration list for PBXNativeTarget "CatCart" */;
			buildPhases = (
				12BE9442249B035D00AD1542 /* Sources */,
				12BE9443249B035D00AD1542 /* Frameworks */,
				12BE9444249B035D00AD1542 /* Resources */,
			);
			buildRules = (
			);
			dependencies = (
			);
			name = CatCart;
			productName = CatCart;
			productReference = 12BE9446249B035D00AD1542 /* CatCart.app */;
			productType = "com.apple.product-type.application";
		};
/* End PBXNativeTarget section */

/* Begin PBXProject section */
		12BE943E249B035C00AD1542 /* Project object */ = {
			isa = PBXProject;
			attributes = {
				LastSwiftUpdateCheck = 1140;
				LastUpgradeCheck = 1140;
				ORGANIZATIONNAME = CatCartCo;
				TargetAttributes = {
					12BE9445249B035D00AD1542 = {
						CreatedOnToolsVersion = 11.4.1;
					};
				};
			};
			buildConfigurationList = 12BE9441249B035C00AD1542 /* Build configuration list for PBXProject "CatCart" */;
			compatibilityVersion = "Xcode 9.3";
			developmentRegion = en;
			hasScannedForEncodings = 0;
			knownRegions = (
				en,
				Base,
			);
			mainGroup = 12BE943D249B035C00AD1542;
			productRefGroup = 12BE9447249B035D00AD1542 /* Products */;
			projectDirPath = "";
			projectRoot = "";
			targets = (
				12BE9445249B035D00AD1542 /* CatCart */,
			);
		};
/* End PBXProject section */

/* Begin PBXResourcesBuildPhase section */
		12BE9444249B035D00AD1542 /* Resources */ = {
			isa = PBXResourcesBuildPhase;
			buildActionMask = 2147483647;
			files = (
				9590BA0C249B0A72008E7AD9 /* ProductsForSale.storyboard in Resources */,
				9590BA08249B0A06008E7AD9 /* ShoppingCart.storyboard in Resources */,
				12BE9456249B036700AD1542 /* LaunchScreen.storyboard in Resources */,
				12BE9453249B036700AD1542 /* Assets.xcassets in Resources */,
				12BE9451249B035D00AD1542 /* Main.storyboard in Resources */,
				9590BA0A249B0A63008E7AD9 /* CatsForSale.storyboard in Resources */,
				9590BA06249B09CC008E7AD9 /* UserLogin.storyboard in Resources */,
			);
			runOnlyForDeploymentPostprocessing = 0;
		};
/* End PBXResourcesBuildPhase section */

/* Begin PBXSourcesBuildPhase section */
		12BE9442249B035D00AD1542 /* Sources */ = {
			isa = PBXSourcesBuildPhase;
			buildActionMask = 2147483647;
			files = (
				9590BA15249B136A008E7AD9 /* LandingPageNavViewController.swift in Sources */,
				12BE944E249B035D00AD1542 /* ViewController.swift in Sources */,
				9590BA13249B130A008E7AD9 /* LandingPageViewController.swift in Sources */,
				12BE944A249B035D00AD1542 /* AppDelegate.swift in Sources */,
				9590BA11249B12E5008E7AD9 /* CreateUserAccountViewController.swift in Sources */,
				12BE944C249B035D00AD1542 /* SceneDelegate.swift in Sources */,
				9590BA0F249B1285008E7AD9 /* UserLoginViewController.swift in Sources */,
			);
			runOnlyForDeploymentPostprocessing = 0;
		};
/* End PBXSourcesBuildPhase section */

/* Begin PBXVariantGroup section */
		12BE944F249B035D00AD1542 /* Main.storyboard */ = {
			isa = PBXVariantGroup;
			children = (
				12BE9450249B035D00AD1542 /* Base */,
			);
			name = Main.storyboard;
			sourceTree = "<group>";
		};
		12BE9454249B036700AD1542 /* LaunchScreen.storyboard */ = {
			isa = PBXVariantGroup;
			children = (
				12BE9455249B036700AD1542 /* Base */,
			);
			name = LaunchScreen.storyboard;
			sourceTree = "<group>";
		};
/* End PBXVariantGroup section */

/* Begin XCBuildConfiguration section */
		12BE9458249B036700AD1542 /* Debug */ = {
			isa = XCBuildConfiguration;
			buildSettings = {
				ALWAYS_SEARCH_USER_PATHS = NO;
				CLANG_ANALYZER_NONNULL = YES;
				CLANG_ANALYZER_NUMBER_OBJECT_CONVERSION = YES_AGGRESSIVE;
				CLANG_CXX_LANGUAGE_STANDARD = "gnu++14";
				CLANG_CXX_LIBRARY = "libc++";
				CLANG_ENABLE_MODULES = YES;
				CLANG_ENABLE_OBJC_ARC = YES;
				CLANG_ENABLE_OBJC_WEAK = YES;
				CLANG_WARN_BLOCK_CAPTURE_AUTORELEASING = YES;
				CLANG_WARN_BOOL_CONVERSION = YES;
				CLANG_WARN_COMMA = YES;
				CLANG_WARN_CONSTANT_CONVERSION = YES;
				CLANG_WARN_DEPRECATED_OBJC_IMPLEMENTATIONS = YES;
				CLANG_WARN_DIRECT_OBJC_ISA_USAGE = YES_ERROR;
				CLANG_WARN_DOCUMENTATION_COMMENTS = YES;
				CLANG_WARN_EMPTY_BODY = YES;
				CLANG_WARN_ENUM_CONVERSION = YES;
				CLANG_WARN_INFINITE_RECURSION = YES;
				CLANG_WARN_INT_CONVERSION = YES;
				CLANG_WARN_NON_LITERAL_NULL_CONVERSION = YES;
				CLANG_WARN_OBJC_IMPLICIT_RETAIN_SELF = YES;
				CLANG_WARN_OBJC_LITERAL_CONVERSION = YES;
				CLANG_WARN_OBJC_ROOT_CLASS = YES_ERROR;
				CLANG_WARN_RANGE_LOOP_ANALYSIS = YES;
				CLANG_WARN_STRICT_PROTOTYPES = YES;
				CLANG_WARN_SUSPICIOUS_MOVE = YES;
				CLANG_WARN_UNGUARDED_AVAILABILITY = YES_AGGRESSIVE;
				CLANG_WARN_UNREACHABLE_CODE = YES;
				CLANG_WARN__DUPLICATE_METHOD_MATCH = YES;
				COPY_PHASE_STRIP = NO;
				DEBUG_INFORMATION_FORMAT = dwarf;
				ENABLE_STRICT_OBJC_MSGSEND = YES;
				ENABLE_TESTABILITY = YES;
				GCC_C_LANGUAGE_STANDARD = gnu11;
				GCC_DYNAMIC_NO_PIC = NO;
				GCC_NO_COMMON_BLOCKS = YES;
				GCC_OPTIMIZATION_LEVEL = 0;
				GCC_PREPROCESSOR_DEFINITIONS = (
					"DEBUG=1",
					"$(inherited)",
				);
				GCC_WARN_64_TO_32_BIT_CONVERSION = YES;
				GCC_WARN_ABOUT_RETURN_TYPE = YES_ERROR;
				GCC_WARN_UNDECLARED_SELECTOR = YES;
				GCC_WARN_UNINITIALIZED_AUTOS = YES_AGGRESSIVE;
				GCC_WARN_UNUSED_FUNCTION = YES;
				GCC_WARN_UNUSED_VARIABLE = YES;
				IPHONEOS_DEPLOYMENT_TARGET = 13.4;
				MTL_ENABLE_DEBUG_INFO = INCLUDE_SOURCE;
				MTL_FAST_MATH = YES;
				ONLY_ACTIVE_ARCH = YES;
				SDKROOT = iphoneos;
				SWIFT_ACTIVE_COMPILATION_CONDITIONS = DEBUG;
				SWIFT_OPTIMIZATION_LEVEL = "-Onone";
			};
			name = Debug;
		};
		12BE9459249B036700AD1542 /* Release */ = {
			isa = XCBuildConfiguration;
			buildSettings = {
				ALWAYS_SEARCH_USER_PATHS = NO;
				CLANG_ANALYZER_NONNULL = YES;
				CLANG_ANALYZER_NUMBER_OBJECT_CONVERSION = YES_AGGRESSIVE;
				CLANG_CXX_LANGUAGE_STANDARD = "gnu++14";
				CLANG_CXX_LIBRARY = "libc++";
				CLANG_ENABLE_MODULES = YES;
				CLANG_ENABLE_OBJC_ARC = YES;
				CLANG_ENABLE_OBJC_WEAK = YES;
				CLANG_WARN_BLOCK_CAPTURE_AUTORELEASING = YES;
				CLANG_WARN_BOOL_CONVERSION = YES;
				CLANG_WARN_COMMA = YES;
				CLANG_WARN_CONSTANT_CONVERSION = YES;
				CLANG_WARN_DEPRECATED_OBJC_IMPLEMENTATIONS = YES;
				CLANG_WARN_DIRECT_OBJC_ISA_USAGE = YES_ERROR;
				CLANG_WARN_DOCUMENTATION_COMMENTS = YES;
				CLANG_WARN_EMPTY_BODY = YES;
				CLANG_WARN_ENUM_CONVERSION = YES;
				CLANG_WARN_INFINITE_RECURSION = YES;
				CLANG_WARN_INT_CONVERSION = YES;
				CLANG_WARN_NON_LITERAL_NULL_CONVERSION = YES;
				CLANG_WARN_OBJC_IMPLICIT_RETAIN_SELF = YES;
				CLANG_WARN_OBJC_LITERAL_CONVERSION = YES;
				CLANG_WARN_OBJC_ROOT_CLASS = YES_ERROR;
				CLANG_WARN_RANGE_LOOP_ANALYSIS = YES;
				CLANG_WARN_STRICT_PROTOTYPES = YES;
				CLANG_WARN_SUSPICIOUS_MOVE = YES;
				CLANG_WARN_UNGUARDED_AVAILABILITY = YES_AGGRESSIVE;
				CLANG_WARN_UNREACHABLE_CODE = YES;
				CLANG_WARN__DUPLICATE_METHOD_MATCH = YES;
				COPY_PHASE_STRIP = NO;
				DEBUG_INFORMATION_FORMAT = "dwarf-with-dsym";
				ENABLE_NS_ASSERTIONS = NO;
				ENABLE_STRICT_OBJC_MSGSEND = YES;
				GCC_C_LANGUAGE_STANDARD = gnu11;
				GCC_NO_COMMON_BLOCKS = YES;
				GCC_WARN_64_TO_32_BIT_CONVERSION = YES;
				GCC_WARN_ABOUT_RETURN_TYPE = YES_ERROR;
				GCC_WARN_UNDECLARED_SELECTOR = YES;
				GCC_WARN_UNINITIALIZED_AUTOS = YES_AGGRESSIVE;
				GCC_WARN_UNUSED_FUNCTION = YES;
				GCC_WARN_UNUSED_VARIABLE = YES;
				IPHONEOS_DEPLOYMENT_TARGET = 13.4;
				MTL_ENABLE_DEBUG_INFO = NO;
				MTL_FAST_MATH = YES;
				SDKROOT = iphoneos;
				SWIFT_COMPILATION_MODE = wholemodule;
				SWIFT_OPTIMIZATION_LEVEL = "-O";
				VALIDATE_PRODUCT = YES;
			};
			name = Release;
		};
		12BE945B249B036700AD1542 /* Debug */ = {
			isa = XCBuildConfiguration;
			buildSettings = {
				ASSETCATALOG_COMPILER_APPICON_NAME = AppIcon;
				CODE_SIGN_STYLE = Automatic;
				DEVELOPMENT_TEAM = WDB2NWAVF2;
				INFOPLIST_FILE = CatCart/Info.plist;
				LD_RUNPATH_SEARCH_PATHS = (
					"$(inherited)",
					"@executable_path/Frameworks",
				);
				PRODUCT_BUNDLE_IDENTIFIER = com.CatCartCo.CatCart;
				PRODUCT_NAME = "$(TARGET_NAME)";
				SWIFT_VERSION = 5.0;
				TARGETED_DEVICE_FAMILY = "1,2";
			};
			name = Debug;
		};
		12BE945C249B036700AD1542 /* Release */ = {
			isa = XCBuildConfiguration;
			buildSettings = {
				ASSETCATALOG_COMPILER_APPICON_NAME = AppIcon;
				CODE_SIGN_STYLE = Automatic;
				DEVELOPMENT_TEAM = WDB2NWAVF2;
				INFOPLIST_FILE = CatCart/Info.plist;
				LD_RUNPATH_SEARCH_PATHS = (
					"$(inherited)",
					"@executable_path/Frameworks",
				);
				PRODUCT_BUNDLE_IDENTIFIER = com.CatCartCo.CatCart;
				PRODUCT_NAME = "$(TARGET_NAME)";
				SWIFT_VERSION = 5.0;
				TARGETED_DEVICE_FAMILY = "1,2";
			};
			name = Release;
		};
/* End XCBuildConfiguration section */

/* Begin XCConfigurationList section */
		12BE9441249B035C00AD1542 /* Build configuration list for PBXProject "CatCart" */ = {
			isa = XCConfigurationList;
			buildConfigurations = (
				12BE9458249B036700AD1542 /* Debug */,
				12BE9459249B036700AD1542 /* Release */,
			);
			defaultConfigurationIsVisible = 0;
			defaultConfigurationName = Release;
		};
		12BE945A249B036700AD1542 /* Build configuration list for PBXNativeTarget "CatCart" */ = {
			isa = XCConfigurationList;
			buildConfigurations = (
				12BE945B249B036700AD1542 /* Debug */,
				12BE945C249B036700AD1542 /* Release */,
			);
			defaultConfigurationIsVisible = 0;
			defaultConfigurationName = Release;
		};
/* End XCConfigurationList section */
	};
	rootObject = 12BE943E249B035C00AD1542 /* Project object */;
}
